// !$*UTF8*$!
{
	archiveVersion = 1;
	classes = {
	};
	objectVersion = 46;
	objects = {

/* Begin PBXBuildFile section */
		2115E6CE1B4A27E500509D2A /* AppDelegate.swift in Sources */ = {isa = PBXBuildFile; fileRef = 2115E6CD1B4A27E500509D2A /* AppDelegate.swift */; };
		2115E6D11B4A27E500509D2A /* Prelo.xcdatamodeld in Sources */ = {isa = PBXBuildFile; fileRef = 2115E6CF1B4A27E500509D2A /* Prelo.xcdatamodeld */; };
		2115E6D31B4A27E500509D2A /* ViewController.swift in Sources */ = {isa = PBXBuildFile; fileRef = 2115E6D21B4A27E500509D2A /* ViewController.swift */; };
		2115E6D61B4A27E500509D2A /* Main.storyboard in Resources */ = {isa = PBXBuildFile; fileRef = 2115E6D41B4A27E500509D2A /* Main.storyboard */; };
		2115E6D81B4A27E500509D2A /* Images.xcassets in Resources */ = {isa = PBXBuildFile; fileRef = 2115E6D71B4A27E500509D2A /* Images.xcassets */; };
		2115E6DB1B4A27E500509D2A /* LaunchScreen.xib in Resources */ = {isa = PBXBuildFile; fileRef = 2115E6D91B4A27E500509D2A /* LaunchScreen.xib */; };
		2115E6E71B4A27E500509D2A /* PreloTests.swift in Sources */ = {isa = PBXBuildFile; fileRef = 2115E6E61B4A27E500509D2A /* PreloTests.swift */; };
		5EE2060371E07607D64F74C7 /* Pods.framework in Frameworks */ = {isa = PBXBuildFile; fileRef = 60AA24CEA7828D17764CCAB7 /* Pods.framework */; settings = {ATTRIBUTES = (Weak, ); }; };
/* End PBXBuildFile section */

/* Begin PBXContainerItemProxy section */
		2115E6E11B4A27E500509D2A /* PBXContainerItemProxy */ = {
			isa = PBXContainerItemProxy;
			containerPortal = 2115E6C01B4A27E500509D2A /* Project object */;
			proxyType = 1;
			remoteGlobalIDString = 2115E6C71B4A27E500509D2A;
			remoteInfo = Prelo;
		};
/* End PBXContainerItemProxy section */

/* Begin PBXFileReference section */
		2115E6C81B4A27E500509D2A /* Prelo.app */ = {isa = PBXFileReference; explicitFileType = wrapper.application; includeInIndex = 0; path = Prelo.app; sourceTree = BUILT_PRODUCTS_DIR; };
		2115E6CC1B4A27E500509D2A /* Info.plist */ = {isa = PBXFileReference; lastKnownFileType = text.plist.xml; path = Info.plist; sourceTree = "<group>"; };
		2115E6CD1B4A27E500509D2A /* AppDelegate.swift */ = {isa = PBXFileReference; lastKnownFileType = sourcecode.swift; path = AppDelegate.swift; sourceTree = "<group>"; };
		2115E6D01B4A27E500509D2A /* Prelo.xcdatamodel */ = {isa = PBXFileReference; lastKnownFileType = wrapper.xcdatamodel; path = Prelo.xcdatamodel; sourceTree = "<group>"; };
		2115E6D21B4A27E500509D2A /* ViewController.swift */ = {isa = PBXFileReference; lastKnownFileType = sourcecode.swift; path = ViewController.swift; sourceTree = "<group>"; };
		2115E6D51B4A27E500509D2A /* Base */ = {isa = PBXFileReference; lastKnownFileType = file.storyboard; name = Base; path = Base.lproj/Main.storyboard; sourceTree = "<group>"; };
		2115E6D71B4A27E500509D2A /* Images.xcassets */ = {isa = PBXFileReference; lastKnownFileType = folder.assetcatalog; path = Images.xcassets; sourceTree = "<group>"; };
		2115E6DA1B4A27E500509D2A /* Base */ = {isa = PBXFileReference; lastKnownFileType = file.xib; name = Base; path = Base.lproj/LaunchScreen.xib; sourceTree = "<group>"; };
		2115E6E01B4A27E500509D2A /* PreloTests.xctest */ = {isa = PBXFileReference; explicitFileType = wrapper.cfbundle; includeInIndex = 0; path = PreloTests.xctest; sourceTree = BUILT_PRODUCTS_DIR; };
		2115E6E51B4A27E500509D2A /* Info.plist */ = {isa = PBXFileReference; lastKnownFileType = text.plist.xml; path = Info.plist; sourceTree = "<group>"; };
		2115E6E61B4A27E500509D2A /* PreloTests.swift */ = {isa = PBXFileReference; lastKnownFileType = sourcecode.swift; path = PreloTests.swift; sourceTree = "<group>"; };
		60AA24CEA7828D17764CCAB7 /* Pods.framework */ = {isa = PBXFileReference; explicitFileType = wrapper.framework; includeInIndex = 0; path = Pods.framework; sourceTree = BUILT_PRODUCTS_DIR; };
		9ABC1B6FC037A1C7585DD2E5 /* Pods.debug.xcconfig */ = {isa = PBXFileReference; includeInIndex = 1; lastKnownFileType = text.xcconfig; name = Pods.debug.xcconfig; path = "Pods/Target Support Files/Pods/Pods.debug.xcconfig"; sourceTree = "<group>"; };
		BC9A9558C9044380EE665CD1 /* Pods.release.xcconfig */ = {isa = PBXFileReference; includeInIndex = 1; lastKnownFileType = text.xcconfig; name = Pods.release.xcconfig; path = "Pods/Target Support Files/Pods/Pods.release.xcconfig"; sourceTree = "<group>"; };
/* End PBXFileReference section */

/* Begin PBXFrameworksBuildPhase section */
		2115E6C51B4A27E500509D2A /* Frameworks */ = {
			isa = PBXFrameworksBuildPhase;
			buildActionMask = 2147483647;
			files = (
				5EE2060371E07607D64F74C7 /* Pods.framework in Frameworks */,
			);
			runOnlyForDeploymentPostprocessing = 0;
		};
		2115E6DD1B4A27E500509D2A /* Frameworks */ = {
			isa = PBXFrameworksBuildPhase;
			buildActionMask = 2147483647;
			files = (
			);
			runOnlyForDeploymentPostprocessing = 0;
		};
/* End PBXFrameworksBuildPhase section */

/* Begin PBXGroup section */
		163B49F396DAE9C45C1A8F32 /* Frameworks */ = {
			isa = PBXGroup;
			children = (
				60AA24CEA7828D17764CCAB7 /* Pods.framework */,
			);
			name = Frameworks;
			sourceTree = "<group>";
		};
		2115E6BF1B4A27E500509D2A = {
			isa = PBXGroup;
			children = (
				2115E6CA1B4A27E500509D2A /* Prelo */,
				2115E6E31B4A27E500509D2A /* PreloTests */,
				2115E6C91B4A27E500509D2A /* Products */,
				E394E89DD3ABFEF637AB98C4 /* Pods */,
				163B49F396DAE9C45C1A8F32 /* Frameworks */,
			);
			sourceTree = "<group>";
		};
		2115E6C91B4A27E500509D2A /* Products */ = {
			isa = PBXGroup;
			children = (
				2115E6C81B4A27E500509D2A /* Prelo.app */,
				2115E6E01B4A27E500509D2A /* PreloTests.xctest */,
			);
			name = Products;
			sourceTree = "<group>";
		};
		2115E6CA1B4A27E500509D2A /* Prelo */ = {
			isa = PBXGroup;
			children = (
				2115E6CD1B4A27E500509D2A /* AppDelegate.swift */,
				2115E6D21B4A27E500509D2A /* ViewController.swift */,
				2115E6D41B4A27E500509D2A /* Main.storyboard */,
				2115E6D71B4A27E500509D2A /* Images.xcassets */,
				2115E6D91B4A27E500509D2A /* LaunchScreen.xib */,
				2115E6CF1B4A27E500509D2A /* Prelo.xcdatamodeld */,
				2115E6CB1B4A27E500509D2A /* Supporting Files */,
			);
			path = Prelo;
			sourceTree = "<group>";
		};
		2115E6CB1B4A27E500509D2A /* Supporting Files */ = {
			isa = PBXGroup;
			children = (
				2115E6CC1B4A27E500509D2A /* Info.plist */,
			);
			name = "Supporting Files";
			sourceTree = "<group>";
		};
		2115E6E31B4A27E500509D2A /* PreloTests */ = {
			isa = PBXGroup;
			children = (
				2115E6E61B4A27E500509D2A /* PreloTests.swift */,
				2115E6E41B4A27E500509D2A /* Supporting Files */,
			);
			path = PreloTests;
			sourceTree = "<group>";
		};
		2115E6E41B4A27E500509D2A /* Supporting Files */ = {
			isa = PBXGroup;
			children = (
				2115E6E51B4A27E500509D2A /* Info.plist */,
			);
			name = "Supporting Files";
			sourceTree = "<group>";
		};
		E394E89DD3ABFEF637AB98C4 /* Pods */ = {
			isa = PBXGroup;
			children = (
				9ABC1B6FC037A1C7585DD2E5 /* Pods.debug.xcconfig */,
				BC9A9558C9044380EE665CD1 /* Pods.release.xcconfig */,
			);
			name = Pods;
			sourceTree = "<group>";
		};
/* End PBXGroup section */

/* Begin PBXNativeTarget section */
		2115E6C71B4A27E500509D2A /* Prelo */ = {
			isa = PBXNativeTarget;
			buildConfigurationList = 2115E6EA1B4A27E500509D2A /* Build configuration list for PBXNativeTarget "Prelo" */;
			buildPhases = (
				C16E5EA4DC2D871A7086F342 /* Check Pods Manifest.lock */,
				2115E6C41B4A27E500509D2A /* Sources */,
				2115E6C51B4A27E500509D2A /* Frameworks */,
				2115E6C61B4A27E500509D2A /* Resources */,
				C633939DEDA3DC988D569900 /* Embed Pods Frameworks */,
				EC827DD70B9B5F7E0C8D83BF /* Copy Pods Resources */,
			);
			buildRules = (
			);
			dependencies = (
			);
			name = Prelo;
			productName = Prelo;
			productReference = 2115E6C81B4A27E500509D2A /* Prelo.app */;
			productType = "com.apple.product-type.application";
		};
		2115E6DF1B4A27E500509D2A /* PreloTests */ = {
			isa = PBXNativeTarget;
			buildConfigurationList = 2115E6ED1B4A27E500509D2A /* Build configuration list for PBXNativeTarget "PreloTests" */;
			buildPhases = (
				2115E6DC1B4A27E500509D2A /* Sources */,
				2115E6DD1B4A27E500509D2A /* Frameworks */,
				2115E6DE1B4A27E500509D2A /* Resources */,
			);
			buildRules = (
			);
			dependencies = (
				2115E6E21B4A27E500509D2A /* PBXTargetDependency */,
			);
			name = PreloTests;
			productName = PreloTests;
			productReference = 2115E6E01B4A27E500509D2A /* PreloTests.xctest */;
			productType = "com.apple.product-type.bundle.unit-test";
		};
/* End PBXNativeTarget section */

/* Begin PBXProject section */
		2115E6C01B4A27E500509D2A /* Project object */ = {
			isa = PBXProject;
			attributes = {
				LastUpgradeCheck = 0640;
				ORGANIZATIONNAME = "GITS Indonesia";
				TargetAttributes = {
					2115E6C71B4A27E500509D2A = {
						CreatedOnToolsVersion = 6.4;
					};
					2115E6DF1B4A27E500509D2A = {
						CreatedOnToolsVersion = 6.4;
						TestTargetID = 2115E6C71B4A27E500509D2A;
					};
				};
			};
			buildConfigurationList = 2115E6C31B4A27E500509D2A /* Build configuration list for PBXProject "Prelo" */;
			compatibilityVersion = "Xcode 3.2";
			developmentRegion = English;
			hasScannedForEncodings = 0;
			knownRegions = (
				en,
				Base,
			);
			mainGroup = 2115E6BF1B4A27E500509D2A;
			productRefGroup = 2115E6C91B4A27E500509D2A /* Products */;
			projectDirPath = "";
			projectRoot = "";
			targets = (
				2115E6C71B4A27E500509D2A /* Prelo */,
				2115E6DF1B4A27E500509D2A /* PreloTests */,
			);
		};
/* End PBXProject section */

/* Begin PBXResourcesBuildPhase section */
		2115E6C61B4A27E500509D2A /* Resources */ = {
			isa = PBXResourcesBuildPhase;
			buildActionMask = 2147483647;
			files = (
				2115E6D61B4A27E500509D2A /* Main.storyboard in Resources */,
				2115E6DB1B4A27E500509D2A /* LaunchScreen.xib in Resources */,
				2115E6D81B4A27E500509D2A /* Images.xcassets in Resources */,
			);
			runOnlyForDeploymentPostprocessing = 0;
		};
		2115E6DE1B4A27E500509D2A /* Resources */ = {
			isa = PBXResourcesBuildPhase;
			buildActionMask = 2147483647;
			files = (
			);
			runOnlyForDeploymentPostprocessing = 0;
		};
/* End PBXResourcesBuildPhase section */

/* Begin PBXShellScriptBuildPhase section */
		C16E5EA4DC2D871A7086F342 /* Check Pods Manifest.lock */ = {
			isa = PBXShellScriptBuildPhase;
			buildActionMask = 2147483647;
			files = (
			);
			inputPaths = (
			);
			name = "Check Pods Manifest.lock";
			outputPaths = (
			);
			runOnlyForDeploymentPostprocessing = 0;
			shellPath = /bin/sh;
			shellScript = "diff \"${PODS_ROOT}/../Podfile.lock\" \"${PODS_ROOT}/Manifest.lock\" > /dev/null\nif [[ $? != 0 ]] ; then\n    cat << EOM\nerror: The sandbox is not in sync with the Podfile.lock. Run 'pod install' or update your CocoaPods installation.\nEOM\n    exit 1\nfi\n";
			showEnvVarsInLog = 0;
		};
		C633939DEDA3DC988D569900 /* Embed Pods Frameworks */ = {
			isa = PBXShellScriptBuildPhase;
			buildActionMask = 2147483647;
			files = (
			);
			inputPaths = (
			);
			name = "Embed Pods Frameworks";
			outputPaths = (
			);
			runOnlyForDeploymentPostprocessing = 0;
			shellPath = /bin/sh;
			shellScript = "\"${SRCROOT}/Pods/Target Support Files/Pods/Pods-frameworks.sh\"\n";
			showEnvVarsInLog = 0;
		};
		EC827DD70B9B5F7E0C8D83BF /* Copy Pods Resources */ = {
			isa = PBXShellScriptBuildPhase;
			buildActionMask = 2147483647;
			files = (
			);
			inputPaths = (
			);
			name = "Copy Pods Resources";
			outputPaths = (
			);
			runOnlyForDeploymentPostprocessing = 0;
			shellPath = /bin/sh;
			shellScript = "\"${SRCROOT}/Pods/Target Support Files/Pods/Pods-resources.sh\"\n";
			showEnvVarsInLog = 0;
		};
/* End PBXShellScriptBuildPhase section */

/* Begin PBXSourcesBuildPhase section */
		2115E6C41B4A27E500509D2A /* Sources */ = {
			isa = PBXSourcesBuildPhase;
			buildActionMask = 2147483647;
			files = (
				2115E6D31B4A27E500509D2A /* ViewController.swift in Sources */,
				2115E6D11B4A27E500509D2A /* Prelo.xcdatamodeld in Sources */,
				2115E6CE1B4A27E500509D2A /* AppDelegate.swift in Sources */,
			);
			runOnlyForDeploymentPostprocessing = 0;
		};
		2115E6DC1B4A27E500509D2A /* Sources */ = {
			isa = PBXSourcesBuildPhase;
			buildActionMask = 2147483647;
			files = (
				2115E6E71B4A27E500509D2A /* PreloTests.swift in Sources */,
			);
			runOnlyForDeploymentPostprocessing = 0;
		};
/* End PBXSourcesBuildPhase section */

/* Begin PBXTargetDependency section */
		2115E6E21B4A27E500509D2A /* PBXTargetDependency */ = {
			isa = PBXTargetDependency;
			target = 2115E6C71B4A27E500509D2A /* Prelo */;
			targetProxy = 2115E6E11B4A27E500509D2A /* PBXContainerItemProxy */;
		};
/* End PBXTargetDependency section */

/* Begin PBXVariantGroup section */
		2115E6D41B4A27E500509D2A /* Main.storyboard */ = {
			isa = PBXVariantGroup;
			children = (
				2115E6D51B4A27E500509D2A /* Base */,
			);
			name = Main.storyboard;
			sourceTree = "<group>";
		};
		2115E6D91B4A27E500509D2A /* LaunchScreen.xib */ = {
			isa = PBXVariantGroup;
			children = (
				2115E6DA1B4A27E500509D2A /* Base */,
			);
			name = LaunchScreen.xib;
			sourceTree = "<group>";
		};
/* End PBXVariantGroup section */

/* Begin XCBuildConfiguration section */
		2115E6E81B4A27E500509D2A /* Debug */ = {
			isa = XCBuildConfiguration;
			buildSettings = {
				ALWAYS_SEARCH_USER_PATHS = NO;
				CLANG_CXX_LANGUAGE_STANDARD = "gnu++0x";
				CLANG_CXX_LIBRARY = "libc++";
				CLANG_ENABLE_MODULES = YES;
				CLANG_ENABLE_OBJC_ARC = YES;
				CLANG_WARN_BOOL_CONVERSION = YES;
				CLANG_WARN_CONSTANT_CONVERSION = YES;
				CLANG_WARN_DIRECT_OBJC_ISA_USAGE = YES_ERROR;
				CLANG_WARN_EMPTY_BODY = YES;
				CLANG_WARN_ENUM_CONVERSION = YES;
				CLANG_WARN_INT_CONVERSION = YES;
				CLANG_WARN_OBJC_ROOT_CLASS = YES_ERROR;
				CLANG_WARN_UNREACHABLE_CODE = YES;
				CLANG_WARN__DUPLICATE_METHOD_MATCH = YES;
				"CODE_SIGN_IDENTITY[sdk=iphoneos*]" = "iPhone Developer";
				COPY_PHASE_STRIP = NO;
				DEBUG_INFORMATION_FORMAT = "dwarf-with-dsym";
				ENABLE_STRICT_OBJC_MSGSEND = YES;
				GCC_C_LANGUAGE_STANDARD = gnu99;
				GCC_DYNAMIC_NO_PIC = NO;
				GCC_NO_COMMON_BLOCKS = YES;
				GCC_OPTIMIZATION_LEVEL = 0;
				GCC_PREPROCESSOR_DEFINITIONS = (
					"DEBUG=1",
					"$(inherited)",
				);
				GCC_SYMBOLS_PRIVATE_EXTERN = NO;
				GCC_WARN_64_TO_32_BIT_CONVERSION = YES;
				GCC_WARN_ABOUT_RETURN_TYPE = YES_ERROR;
				GCC_WARN_UNDECLARED_SELECTOR = YES;
				GCC_WARN_UNINITIALIZED_AUTOS = YES_AGGRESSIVE;
				GCC_WARN_UNUSED_FUNCTION = YES;
				GCC_WARN_UNUSED_VARIABLE = YES;
				IPHONEOS_DEPLOYMENT_TARGET = 8.4;
				MTL_ENABLE_DEBUG_INFO = YES;
				ONLY_ACTIVE_ARCH = YES;
				SDKROOT = iphoneos;
				SWIFT_OPTIMIZATION_LEVEL = "-Onone";
				TARGETED_DEVICE_FAMILY = "1,2";
			};
			name = Debug;
		};
		2115E6E91B4A27E500509D2A /* Release */ = {
			isa = XCBuildConfiguration;
			buildSettings = {
				ALWAYS_SEARCH_USER_PATHS = NO;
				CLANG_CXX_LANGUAGE_STANDARD = "gnu++0x";
				CLANG_CXX_LIBRARY = "libc++";
				CLANG_ENABLE_MODULES = YES;
				CLANG_ENABLE_OBJC_ARC = YES;
				CLANG_WARN_BOOL_CONVERSION = YES;
				CLANG_WARN_CONSTANT_CONVERSION = YES;
				CLANG_WARN_DIRECT_OBJC_ISA_USAGE = YES_ERROR;
				CLANG_WARN_EMPTY_BODY = YES;
				CLANG_WARN_ENUM_CONVERSION = YES;
				CLANG_WARN_INT_CONVERSION = YES;
				CLANG_WARN_OBJC_ROOT_CLASS = YES_ERROR;
				CLANG_WARN_UNREACHABLE_CODE = YES;
				CLANG_WARN__DUPLICATE_METHOD_MATCH = YES;
				"CODE_SIGN_IDENTITY[sdk=iphoneos*]" = "iPhone Developer";
				COPY_PHASE_STRIP = NO;
				DEBUG_INFORMATION_FORMAT = "dwarf-with-dsym";
				ENABLE_NS_ASSERTIONS = NO;
				ENABLE_STRICT_OBJC_MSGSEND = YES;
				GCC_C_LANGUAGE_STANDARD = gnu99;
				GCC_NO_COMMON_BLOCKS = YES;
				GCC_WARN_64_TO_32_BIT_CONVERSION = YES;
				GCC_WARN_ABOUT_RETURN_TYPE = YES_ERROR;
				GCC_WARN_UNDECLARED_SELECTOR = YES;
				GCC_WARN_UNINITIALIZED_AUTOS = YES_AGGRESSIVE;
				GCC_WARN_UNUSED_FUNCTION = YES;
				GCC_WARN_UNUSED_VARIABLE = YES;
				IPHONEOS_DEPLOYMENT_TARGET = 8.4;
				MTL_ENABLE_DEBUG_INFO = NO;
				SDKROOT = iphoneos;
				TARGETED_DEVICE_FAMILY = "1,2";
				VALIDATE_PRODUCT = YES;
			};
			name = Release;
		};
		2115E6EB1B4A27E500509D2A /* Debug */ = {
			isa = XCBuildConfiguration;
			baseConfigurationReference = 9ABC1B6FC037A1C7585DD2E5 /* Pods.debug.xcconfig */;
			buildSettings = {
				ASSETCATALOG_COMPILER_APPICON_NAME = AppIcon;
				INFOPLIST_FILE = Prelo/Info.plist;
				LD_RUNPATH_SEARCH_PATHS = "$(inherited) @executable_path/Frameworks";
				PRODUCT_NAME = "$(TARGET_NAME)";
			};
			name = Debug;
		};
		2115E6EC1B4A27E500509D2A /* Release */ = {
			isa = XCBuildConfiguration;
			baseConfigurationReference = BC9A9558C9044380EE665CD1 /* Pods.release.xcconfig */;
			buildSettings = {
				ASSETCATALOG_COMPILER_APPICON_NAME = AppIcon;
				INFOPLIST_FILE = Prelo/Info.plist;
				LD_RUNPATH_SEARCH_PATHS = "$(inherited) @executable_path/Frameworks";
				PRODUCT_NAME = "$(TARGET_NAME)";
			};
			name = Release;
		};
		2115E6EE1B4A27E500509D2A /* Debug */ = {
			isa = XCBuildConfiguration;
			buildSettings = {
				BUNDLE_LOADER = "$(TEST_HOST)";
				FRAMEWORK_SEARCH_PATHS = (
					"$(SDKROOT)/Developer/Library/Frameworks",
					"$(inherited)",
				);
				GCC_PREPROCESSOR_DEFINITIONS = (
					"DEBUG=1",
					"$(inherited)",
				);
				INFOPLIST_FILE = PreloTests/Info.plist;
				LD_RUNPATH_SEARCH_PATHS = "$(inherited) @executable_path/Frameworks @loader_path/Frameworks";
				PRODUCT_NAME = "$(TARGET_NAME)";
				TEST_HOST = "$(BUILT_PRODUCTS_DIR)/Prelo.app/Prelo";
			};
			name = Debug;
		};
		2115E6EF1B4A27E500509D2A /* Release */ = {
			isa = XCBuildConfiguration;
			buildSettings = {
				BUNDLE_LOADER = "$(TEST_HOST)";
				FRAMEWORK_SEARCH_PATHS = (
					"$(SDKROOT)/Developer/Library/Frameworks",
					"$(inherited)",
				);
				INFOPLIST_FILE = PreloTests/Info.plist;
				LD_RUNPATH_SEARCH_PATHS = "$(inherited) @executable_path/Frameworks @loader_path/Frameworks";
				PRODUCT_NAME = "$(TARGET_NAME)";
				TEST_HOST = "$(BUILT_PRODUCTS_DIR)/Prelo.app/Prelo";
			};
			name = Release;
		};
/* End XCBuildConfiguration section */

/* Begin XCConfigurationList section */
		2115E6C31B4A27E500509D2A /* Build configuration list for PBXProject "Prelo" */ = {
			isa = XCConfigurationList;
			buildConfigurations = (
				2115E6E81B4A27E500509D2A /* Debug */,
				2115E6E91B4A27E500509D2A /* Release */,
			);
			defaultConfigurationIsVisible = 0;
			defaultConfigurationName = Release;
		};
		2115E6EA1B4A27E500509D2A /* Build configuration list for PBXNativeTarget "Prelo" */ = {
			isa = XCConfigurationList;
			buildConfigurations = (
				2115E6EB1B4A27E500509D2A /* Debug */,
				2115E6EC1B4A27E500509D2A /* Release */,
			);
			defaultConfigurationIsVisible = 0;
			defaultConfigurationName = Release;
		};
		2115E6ED1B4A27E500509D2A /* Build configuration list for PBXNativeTarget "PreloTests" */ = {
			isa = XCConfigurationList;
			buildConfigurations = (
				2115E6EE1B4A27E500509D2A /* Debug */,
				2115E6EF1B4A27E500509D2A /* Release */,
			);
			defaultConfigurationIsVisible = 0;
			defaultConfigurationName = Release;
		};
/* End XCConfigurationList section */

/* Begin XCVersionGroup section */
		2115E6CF1B4A27E500509D2A /* Prelo.xcdatamodeld */ = {
			isa = XCVersionGroup;
			children = (
				2115E6D01B4A27E500509D2A /* Prelo.xcdatamodel */,
			);
			currentVersion = 2115E6D01B4A27E500509D2A /* Prelo.xcdatamodel */;
			path = Prelo.xcdatamodeld;
			sourceTree = "<group>";
			versionGroupType = wrapper.xcdatamodel;
		};
/* End XCVersionGroup section */
	};
	rootObject = 2115E6C01B4A27E500509D2A /* Project object */;
}
